# This file is automatically @generated by Poetry 2.1.1 and should not be changed by hand.

[[package]]
name = "argcomplete"
version = "3.6.2"
description = "Bash tab completion for argparse"
optional = false
python-versions = ">=3.8"
groups = ["dev"]
files = [
    {file = "argcomplete-3.6.2-py3-none-any.whl", hash = "sha256:65b3133a29ad53fb42c48cf5114752c7ab66c1c38544fdf6460f450c09b42591"},
    {file = "argcomplete-3.6.2.tar.gz", hash = "sha256:d0519b1bc867f5f4f4713c41ad0aba73a4a5f007449716b16f385f2166dc6adf"},
]

[package.extras]
test = ["coverage", "mypy", "pexpect", "ruff", "wheel"]

[[package]]
name = "attrs"
version = "25.3.0"
description = "Classes Without Boilerplate"
optional = false
python-versions = ">=3.8"
groups = ["dev"]
files = [
    {file = "attrs-25.3.0-py3-none-any.whl", hash = "sha256:427318ce031701fea540783410126f03899a97ffc6f61596ad581ac2e40e3bc3"},
    {file = "attrs-25.3.0.tar.gz", hash = "sha256:75d7cefc7fb576747b2c81b4442d4d4a1ce0900973527c011d1030fd3bf4af1b"},
]

[package.extras]
benchmark = ["cloudpickle ; platform_python_implementation == \"CPython\"", "hypothesis", "mypy (>=1.11.1) ; platform_python_implementation == \"CPython\" and python_version >= \"3.10\"", "pympler", "pytest (>=4.3.0)", "pytest-codspeed", "pytest-mypy-plugins ; platform_python_implementation == \"CPython\" and python_version >= \"3.10\"", "pytest-xdist[psutil]"]
cov = ["cloudpickle ; platform_python_implementation == \"CPython\"", "coverage[toml] (>=5.3)", "hypothesis", "mypy (>=1.11.1) ; platform_python_implementation == \"CPython\" and python_version >= \"3.10\"", "pympler", "pytest (>=4.3.0)", "pytest-mypy-plugins ; platform_python_implementation == \"CPython\" and python_version >= \"3.10\"", "pytest-xdist[psutil]"]
dev = ["cloudpickle ; platform_python_implementation == \"CPython\"", "hypothesis", "mypy (>=1.11.1) ; platform_python_implementation == \"CPython\" and python_version >= \"3.10\"", "pre-commit-uv", "pympler", "pytest (>=4.3.0)", "pytest-mypy-plugins ; platform_python_implementation == \"CPython\" and python_version >= \"3.10\"", "pytest-xdist[psutil]"]
docs = ["cogapp", "furo", "myst-parser", "sphinx", "sphinx-notfound-page", "sphinxcontrib-towncrier", "towncrier"]
tests = ["cloudpickle ; platform_python_implementation == \"CPython\"", "hypothesis", "mypy (>=1.11.1) ; platform_python_implementation == \"CPython\" and python_version >= \"3.10\"", "pympler", "pytest (>=4.3.0)", "pytest-mypy-plugins ; platform_python_implementation == \"CPython\" and python_version >= \"3.10\"", "pytest-xdist[psutil]"]
tests-mypy = ["mypy (>=1.11.1) ; platform_python_implementation == \"CPython\" and python_version >= \"3.10\"", "pytest-mypy-plugins ; platform_python_implementation == \"CPython\" and python_version >= \"3.10\""]

[[package]]
name = "black"
version = "25.1.0"
description = "The uncompromising code formatter."
optional = false
python-versions = ">=3.9"
groups = ["dev"]
files = [
    {file = "black-25.1.0-cp310-cp310-macosx_10_9_x86_64.whl", hash = "sha256:759e7ec1e050a15f89b770cefbf91ebee8917aac5c20483bc2d80a6c3a04df32"},
    {file = "black-25.1.0-cp310-cp310-macosx_11_0_arm64.whl", hash = "sha256:0e519ecf93120f34243e6b0054db49c00a35f84f195d5bce7e9f5cfc578fc2da"},
    {file = "black-25.1.0-cp310-cp310-manylinux_2_17_x86_64.manylinux2014_x86_64.manylinux_2_28_x86_64.whl", hash = "sha256:055e59b198df7ac0b7efca5ad7ff2516bca343276c466be72eb04a3bcc1f82d7"},
    {file = "black-25.1.0-cp310-cp310-win_amd64.whl", hash = "sha256:db8ea9917d6f8fc62abd90d944920d95e73c83a5ee3383493e35d271aca872e9"},
    {file = "black-25.1.0-cp311-cp311-macosx_10_9_x86_64.whl", hash = "sha256:a39337598244de4bae26475f77dda852ea00a93bd4c728e09eacd827ec929df0"},
    {file = "black-25.1.0-cp311-cp311-macosx_11_0_arm64.whl", hash = "sha256:96c1c7cd856bba8e20094e36e0f948718dc688dba4a9d78c3adde52b9e6c2299"},
    {file = "black-25.1.0-cp311-cp311-manylinux_2_17_x86_64.manylinux2014_x86_64.manylinux_2_28_x86_64.whl", hash = "sha256:bce2e264d59c91e52d8000d507eb20a9aca4a778731a08cfff7e5ac4a4bb7096"},
    {file = "black-25.1.0-cp311-cp311-win_amd64.whl", hash = "sha256:172b1dbff09f86ce6f4eb8edf9dede08b1fce58ba194c87d7a4f1a5aa2f5b3c2"},
    {file = "black-25.1.0-cp312-cp312-macosx_10_13_x86_64.whl", hash = "sha256:4b60580e829091e6f9238c848ea6750efed72140b91b048770b64e74fe04908b"},
    {file = "black-25.1.0-cp312-cp312-macosx_11_0_arm64.whl", hash = "sha256:1e2978f6df243b155ef5fa7e558a43037c3079093ed5d10fd84c43900f2d8ecc"},
    {file = "black-25.1.0-cp312-cp312-manylinux_2_17_x86_64.manylinux2014_x86_64.manylinux_2_28_x86_64.whl", hash = "sha256:3b48735872ec535027d979e8dcb20bf4f70b5ac75a8ea99f127c106a7d7aba9f"},
    {file = "black-25.1.0-cp312-cp312-win_amd64.whl", hash = "sha256:ea0213189960bda9cf99be5b8c8ce66bb054af5e9e861249cd23471bd7b0b3ba"},
    {file = "black-25.1.0-cp313-cp313-macosx_10_13_x86_64.whl", hash = "sha256:8f0b18a02996a836cc9c9c78e5babec10930862827b1b724ddfe98ccf2f2fe4f"},
    {file = "black-25.1.0-cp313-cp313-macosx_11_0_arm64.whl", hash = "sha256:afebb7098bfbc70037a053b91ae8437c3857482d3a690fefc03e9ff7aa9a5fd3"},
    {file = "black-25.1.0-cp313-cp313-manylinux_2_17_x86_64.manylinux2014_x86_64.manylinux_2_28_x86_64.whl", hash = "sha256:030b9759066a4ee5e5aca28c3c77f9c64789cdd4de8ac1df642c40b708be6171"},
    {file = "black-25.1.0-cp313-cp313-win_amd64.whl", hash = "sha256:a22f402b410566e2d1c950708c77ebf5ebd5d0d88a6a2e87c86d9fb48afa0d18"},
    {file = "black-25.1.0-cp39-cp39-macosx_10_9_x86_64.whl", hash = "sha256:a1ee0a0c330f7b5130ce0caed9936a904793576ef4d2b98c40835d6a65afa6a0"},
    {file = "black-25.1.0-cp39-cp39-macosx_11_0_arm64.whl", hash = "sha256:f3df5f1bf91d36002b0a75389ca8663510cf0531cca8aa5c1ef695b46d98655f"},
    {file = "black-25.1.0-cp39-cp39-manylinux_2_17_x86_64.manylinux2014_x86_64.manylinux_2_28_x86_64.whl", hash = "sha256:d9e6827d563a2c820772b32ce8a42828dc6790f095f441beef18f96aa6f8294e"},
    {file = "black-25.1.0-cp39-cp39-win_amd64.whl", hash = "sha256:bacabb307dca5ebaf9c118d2d2f6903da0d62c9faa82bd21a33eecc319559355"},
    {file = "black-25.1.0-py3-none-any.whl", hash = "sha256:95e8176dae143ba9097f351d174fdaf0ccd29efb414b362ae3fd72bf0f710717"},
    {file = "black-25.1.0.tar.gz", hash = "sha256:33496d5cd1222ad73391352b4ae8da15253c5de89b93a80b3e2c8d9a19ec2666"},
]

[package.dependencies]
click = ">=8.0.0"
mypy-extensions = ">=0.4.3"
packaging = ">=22.0"
pathspec = ">=0.9.0"
platformdirs = ">=2"

[package.extras]
colorama = ["colorama (>=0.4.3)"]
d = ["aiohttp (>=3.10)"]
jupyter = ["ipython (>=7.8.0)", "tokenize-rt (>=3.2.0)"]
uvloop = ["uvloop (>=0.15.2)"]

[[package]]
name = "certifi"
version = "2024.8.30"
description = "Python package for providing Mozilla's CA Bundle."
optional = false
python-versions = ">=3.6"
groups = ["main"]
files = [
    {file = "certifi-2024.8.30-py3-none-any.whl", hash = "sha256:922820b53db7a7257ffbda3f597266d435245903d80737e34f8a45ff3e3230d8"},
    {file = "certifi-2024.8.30.tar.gz", hash = "sha256:bec941d2aa8195e248a60b31ff9f0558284cf01a52591ceda73ea9afffd69fd9"},
]

[[package]]
name = "click"
version = "8.1.8"
description = "Composable command line interface toolkit"
optional = false
python-versions = ">=3.7"
groups = ["dev"]
files = [
    {file = "click-8.1.8-py3-none-any.whl", hash = "sha256:63c132bbbed01578a06712a2d1f497bb62d9c1c0d329b7903a866228027263b2"},
    {file = "click-8.1.8.tar.gz", hash = "sha256:ed53c9d8990d83c2a27deae68e4ee337473f6330c040a31d4225c9574d16096a"},
]

[package.dependencies]
colorama = {version = "*", markers = "platform_system == \"Windows\""}

[[package]]
name = "colorama"
version = "0.4.6"
description = "Cross-platform colored terminal text."
optional = false
python-versions = "!=3.0.*,!=3.1.*,!=3.2.*,!=3.3.*,!=3.4.*,!=3.5.*,!=3.6.*,>=2.7"
groups = ["main", "dev"]
markers = "sys_platform == \"win32\" or platform_system == \"Windows\""
files = [
    {file = "colorama-0.4.6-py2.py3-none-any.whl", hash = "sha256:4f1d9991f5acc0ca119f9d443620b77f9d6b33703e51011c16baf57afb285fc6"},
    {file = "colorama-0.4.6.tar.gz", hash = "sha256:08695f5cb7ed6e0531a20572697297273c47b8cae5a63ffc6d6ed5c201be6e44"},
]

[[package]]
name = "colorlog"
version = "6.9.0"
description = "Add colours to the output of Python's logging module."
optional = false
python-versions = ">=3.6"
groups = ["dev"]
files = [
    {file = "colorlog-6.9.0-py3-none-any.whl", hash = "sha256:5906e71acd67cb07a71e779c47c4bcb45fb8c2993eebe9e5adcd6a6f1b283eff"},
    {file = "colorlog-6.9.0.tar.gz", hash = "sha256:bfba54a1b93b94f54e1f4fe48395725a3d92fd2a4af702f6bd70946bdc0c6ac2"},
]

[package.dependencies]
colorama = {version = "*", markers = "sys_platform == \"win32\""}

[package.extras]
development = ["black", "flake8", "mypy", "pytest", "types-colorama"]

[[package]]
name = "coverage"
version = "7.8.1"
description = "Code coverage measurement for Python"
optional = false
python-versions = ">=3.9"
groups = ["dev"]
files = [
    {file = "coverage-7.8.1-cp310-cp310-macosx_10_9_x86_64.whl", hash = "sha256:d7af3990490982fbd2437156c69edbe82b7edf99bc60302cceeeaf79afb886b8"},
    {file = "coverage-7.8.1-cp310-cp310-macosx_11_0_arm64.whl", hash = "sha256:c5757a7b25fe48040fa120ba6597f5f885b01e323e0d13fe21ff95a70c0f76b7"},
    {file = "coverage-7.8.1-cp310-cp310-manylinux_2_17_aarch64.manylinux2014_aarch64.whl", hash = "sha256:b8f105631835fdf191c971c4da93d27e732e028d73ecaa1a88f458d497d026cf"},
    {file = "coverage-7.8.1-cp310-cp310-manylinux_2_5_i686.manylinux1_i686.manylinux_2_17_i686.manylinux2014_i686.whl", hash = "sha256:21645788c5c2afa3df2d4b607638d86207b84cb495503b71e80e16b4c6b44e80"},
    {file = "coverage-7.8.1-cp310-cp310-manylinux_2_5_x86_64.manylinux1_x86_64.manylinux_2_17_x86_64.manylinux2014_x86_64.whl", hash = "sha256:e93f36a5c9d995f40e9c4cd9bbabd83fd78705792fa250980256c93accd07bb6"},
    {file = "coverage-7.8.1-cp310-cp310-musllinux_1_2_aarch64.whl", hash = "sha256:d591f2ddad432b794f77dc1e94334a80015a3fc7fa07fd6aed8f40362083be5b"},
    {file = "coverage-7.8.1-cp310-cp310-musllinux_1_2_i686.whl", hash = "sha256:be2b1a455b3ecfee20638289bb091a95216887d44924a41c28a601efac0916e8"},
    {file = "coverage-7.8.1-cp310-cp310-musllinux_1_2_x86_64.whl", hash = "sha256:061a3bf679dc38fe34d3822f10a9977d548de86b440010beb1e3b44ba93d20f7"},
    {file = "coverage-7.8.1-cp310-cp310-win32.whl", hash = "sha256:12950b6373dc9dfe1ce22a8506ec29c82bfc5b38146ced0a222f38cf5d99a56d"},
    {file = "coverage-7.8.1-cp310-cp310-win_amd64.whl", hash = "sha256:11e5ea0acd8cc5d23030c34dfb2eb6638ad886328df18cc69f8eefab73d1ece5"},
    {file = "coverage-7.8.1-cp311-cp311-macosx_10_9_x86_64.whl", hash = "sha256:1cc6bebc15c3b275174c66cf4e1c949a94c5c2a3edaa2f193a1225548c52c771"},
    {file = "coverage-7.8.1-cp311-cp311-macosx_11_0_arm64.whl", hash = "sha256:d8a6c35afd5b912101fabf42975d92d750cfce33c571508a82ff334a133c40d5"},
    {file = "coverage-7.8.1-cp311-cp311-manylinux_2_17_aarch64.manylinux2014_aarch64.whl", hash = "sha256:b37729ba34c116a3b2b6fb99df5c37a4ca40e96f430070488fd7a1077ad44907"},
    {file = "coverage-7.8.1-cp311-cp311-manylinux_2_5_i686.manylinux1_i686.manylinux_2_17_i686.manylinux2014_i686.whl", hash = "sha256:b6424c716f4c38ff8f62b602e6b94cde478dadda542a1cb3fe2fe2520cc2aae3"},
    {file = "coverage-7.8.1-cp311-cp311-manylinux_2_5_x86_64.manylinux1_x86_64.manylinux_2_17_x86_64.manylinux2014_x86_64.whl", hash = "sha256:8bcfafb2809cd01be8ffe5f962e01b0fbe4cc1d74513434c52ff2dd05b86d492"},
    {file = "coverage-7.8.1-cp311-cp311-musllinux_1_2_aarch64.whl", hash = "sha256:e3f65da9701648d226b6b24ded3e2528b72075e48d7540968cd857c3bd4c5321"},
    {file = "coverage-7.8.1-cp311-cp311-musllinux_1_2_i686.whl", hash = "sha256:173e16969f990688aae4b4487717c44330bc57fd8b61a6216ce8eeb827eb5c0d"},
    {file = "coverage-7.8.1-cp311-cp311-musllinux_1_2_x86_64.whl", hash = "sha256:3763b9a4bc128f72da5dcfd7fcc7c7d6644ed28e8f2db473ce1ef0dd37a43fa9"},
    {file = "coverage-7.8.1-cp311-cp311-win32.whl", hash = "sha256:d074380f587360d2500f3b065232c67ae248aaf739267807adbcd29b88bdf864"},
    {file = "coverage-7.8.1-cp311-cp311-win_amd64.whl", hash = "sha256:cd21de85aa0e247b79c6c41f8b5541b54285550f2da6a9448d82b53234d3611b"},
    {file = "coverage-7.8.1-cp312-cp312-macosx_10_13_x86_64.whl", hash = "sha256:2d8f844e837374a9497e11722d9eb9dfeb33b1b5d31136786c39a4c1a3073c6d"},
    {file = "coverage-7.8.1-cp312-cp312-macosx_11_0_arm64.whl", hash = "sha256:9cd54a762667c32112df5d6f059c5d61fa532ee06460948cc5bcbf60c502f5c9"},
    {file = "coverage-7.8.1-cp312-cp312-manylinux_2_17_aarch64.manylinux2014_aarch64.whl", hash = "sha256:958b513e23286178b513a6b4d975fe9e7cddbcea6e5ebe8d836e4ef067577154"},
    {file = "coverage-7.8.1-cp312-cp312-manylinux_2_5_i686.manylinux1_i686.manylinux_2_17_i686.manylinux2014_i686.whl", hash = "sha256:9b31756ea647b6ef53190f6b708ad0c4c2ea879bc17799ba5b0699eee59ecf7b"},
    {file = "coverage-7.8.1-cp312-cp312-manylinux_2_5_x86_64.manylinux1_x86_64.manylinux_2_17_x86_64.manylinux2014_x86_64.whl", hash = "sha256:ccad4e29ac1b6f75bfeedb2cac4860fe5bd9e0a2f04c3e3218f661fa389ab101"},
    {file = "coverage-7.8.1-cp312-cp312-musllinux_1_2_aarch64.whl", hash = "sha256:452f3831c64f5f50260e18a89e613594590d6ceac5206a9b7d76ba43586b01b3"},
    {file = "coverage-7.8.1-cp312-cp312-musllinux_1_2_i686.whl", hash = "sha256:9296df6a33b8539cd753765eb5b47308602263a14b124a099cbcf5f770d7cf90"},
    {file = "coverage-7.8.1-cp312-cp312-musllinux_1_2_x86_64.whl", hash = "sha256:d52d79dfd3b410b153b6d65b0e3afe834eca2b969377f55ad73c67156d35af0d"},
    {file = "coverage-7.8.1-cp312-cp312-win32.whl", hash = "sha256:ebdf212e1ed85af63fa1a76d556c0a3c7b34348ffba6e145a64b15f003ad0a2b"},
    {file = "coverage-7.8.1-cp312-cp312-win_amd64.whl", hash = "sha256:c04a7903644ccea8fa07c3e76db43ca31c8d453f93c5c94c0f9b82efca225543"},
    {file = "coverage-7.8.1-cp313-cp313-macosx_10_13_x86_64.whl", hash = "sha256:dd5c305faa2e69334a53061b3168987847dadc2449bab95735242a9bde92fde8"},
    {file = "coverage-7.8.1-cp313-cp313-macosx_11_0_arm64.whl", hash = "sha256:af6b8cdf0857fd4e6460dd6639c37c3f82163127f6112c1942b5e6a52a477676"},
    {file = "coverage-7.8.1-cp313-cp313-manylinux_2_17_aarch64.manylinux2014_aarch64.whl", hash = "sha256:e233a56bbf99e4cb134c4f8e63b16c77714e3987daf2c5aa10c3ba8c4232d730"},
    {file = "coverage-7.8.1-cp313-cp313-manylinux_2_5_i686.manylinux1_i686.manylinux_2_17_i686.manylinux2014_i686.whl", hash = "sha256:9dabc70012fd7b58a8040a7bc1b5f71fd0e62e2138aefdd8367d3d24bf82c349"},
    {file = "coverage-7.8.1-cp313-cp313-manylinux_2_5_x86_64.manylinux1_x86_64.manylinux_2_17_x86_64.manylinux2014_x86_64.whl", hash = "sha256:e1f8e96455907496b3e4ea16f63bb578da31e17d2805278b193525e7714f17f2"},
    {file = "coverage-7.8.1-cp313-cp313-musllinux_1_2_aarch64.whl", hash = "sha256:0034ceec8e91fdaf77350901cc48f47efd00f23c220a3f9fc1187774ddf307cb"},
    {file = "coverage-7.8.1-cp313-cp313-musllinux_1_2_i686.whl", hash = "sha256:82db9344a07dd9106796b9fe8805425633146a7ea7fed5ed07c65a64d0bb79e1"},
    {file = "coverage-7.8.1-cp313-cp313-musllinux_1_2_x86_64.whl", hash = "sha256:9772c9e266b2ca4999180c12b90c8efb4c5c9ad3e55f301d78bc579af6467ad9"},
    {file = "coverage-7.8.1-cp313-cp313-win32.whl", hash = "sha256:6f24a1e2c373a77afae21bc512466a91e31251685c271c5309ee3e557f6e3e03"},
    {file = "coverage-7.8.1-cp313-cp313-win_amd64.whl", hash = "sha256:76a4e1d62505a21971968be61ae17cbdc5e0c483265a37f7ddbbc050f9c0b8ec"},
    {file = "coverage-7.8.1-cp313-cp313t-macosx_10_13_x86_64.whl", hash = "sha256:35dd5d405a1d378c39f3f30f628a25b0b99f1b8e5bdd78275df2e7b0404892d7"},
    {file = "coverage-7.8.1-cp313-cp313t-macosx_11_0_arm64.whl", hash = "sha256:87b86a87f8de2e1bd0bcd45faf1b1edf54f988c8857157300e0336efcfb8ede6"},
    {file = "coverage-7.8.1-cp313-cp313t-manylinux_2_17_aarch64.manylinux2014_aarch64.whl", hash = "sha256:ce4553a573edb363d5db12be1c044826878bec039159d6d4eafe826ef773396d"},
    {file = "coverage-7.8.1-cp313-cp313t-manylinux_2_5_i686.manylinux1_i686.manylinux_2_17_i686.manylinux2014_i686.whl", hash = "sha256:db181a1896e0bad75b3bf4916c49fd3cf6751f9cc203fe0e0ecbee1fc43590fa"},
    {file = "coverage-7.8.1-cp313-cp313t-manylinux_2_5_x86_64.manylinux1_x86_64.manylinux_2_17_x86_64.manylinux2014_x86_64.whl", hash = "sha256:6ce2606a171f9cf7c15a77ca61f979ffc0e0d92cd2fb18767cead58c1d19f58e"},
    {file = "coverage-7.8.1-cp313-cp313t-musllinux_1_2_aarch64.whl", hash = "sha256:4fc4f7cff2495d6d112353c33a439230a6de0b7cd0c2578f1e8d75326f63d783"},
    {file = "coverage-7.8.1-cp313-cp313t-musllinux_1_2_i686.whl", hash = "sha256:ff619c58322d9d6df0a859dc76c3532d7bdbc125cb040f7cd642141446b4f654"},
    {file = "coverage-7.8.1-cp313-cp313t-musllinux_1_2_x86_64.whl", hash = "sha256:c0d6290a466a6f3fadf6add2dd4ec11deba4e1a6e3db2dd284edd497aadf802f"},
    {file = "coverage-7.8.1-cp313-cp313t-win32.whl", hash = "sha256:e4e893c7f7fb12271a667d5c1876710fae06d7580343afdb5f3fc4488b73209e"},
    {file = "coverage-7.8.1-cp313-cp313t-win_amd64.whl", hash = "sha256:41d142eefbc0bb3be160a77b2c0fbec76f345387676265052e224eb6c67b7af3"},
    {file = "coverage-7.8.1-cp39-cp39-macosx_10_9_x86_64.whl", hash = "sha256:d5102e17b81158de17d4b5bc363fcffd15231a38ef3f50b8e6fa01f0c6911194"},
    {file = "coverage-7.8.1-cp39-cp39-macosx_11_0_arm64.whl", hash = "sha256:3bd8e3753257e95e94f38c058627aba1581d51f674e3badf226283b2bdb8f8ca"},
    {file = "coverage-7.8.1-cp39-cp39-manylinux_2_17_aarch64.manylinux2014_aarch64.whl", hash = "sha256:d616b5a543c7d4deffa25eb8d8ae3d0d95097f08ac8b131600bb7fbf967ea0e2"},
    {file = "coverage-7.8.1-cp39-cp39-manylinux_2_5_i686.manylinux1_i686.manylinux_2_17_i686.manylinux2014_i686.whl", hash = "sha256:f7a95b0dce364535a63fde0ec1b1ca36400037175d3b62ce04d85dbca5e33832"},
    {file = "coverage-7.8.1-cp39-cp39-manylinux_2_5_x86_64.manylinux1_x86_64.manylinux_2_17_x86_64.manylinux2014_x86_64.whl", hash = "sha256:f82c1a1c1897d2293cb6c50f20fe8a9ea2add1a228eff479380917a1fe7bbb68"},
    {file = "coverage-7.8.1-cp39-cp39-musllinux_1_2_aarch64.whl", hash = "sha256:62a13b372b65fa6e11685df9ca924bed23bab1d0f277f9b67be7536f253aaf17"},
    {file = "coverage-7.8.1-cp39-cp39-musllinux_1_2_i686.whl", hash = "sha256:fe4877c24711458f7990392181be30166cc3ae72158036ecb48a73c30c99fb6f"},
    {file = "coverage-7.8.1-cp39-cp39-musllinux_1_2_x86_64.whl", hash = "sha256:ae5e557aa92565d72f6d3196e878e7cbd6a6380e02a15eafe0af781bd767c10d"},
    {file = "coverage-7.8.1-cp39-cp39-win32.whl", hash = "sha256:87284f272746e31919302ab6211b16b41135109822c498f6e7b40a2f828e7836"},
    {file = "coverage-7.8.1-cp39-cp39-win_amd64.whl", hash = "sha256:07fff2f2ce465fae27447432d39ce733476fbf8478de51fb4034c201e0c5da6d"},
    {file = "coverage-7.8.1-pp39.pp310.pp311-none-any.whl", hash = "sha256:adafe9d71a940927dd3ad8d487f521f11277f133568b7da622666ebd08923191"},
    {file = "coverage-7.8.1-py3-none-any.whl", hash = "sha256:e54b80885b0e61d346accc5709daf8762471a452345521cc9281604a907162c2"},
    {file = "coverage-7.8.1.tar.gz", hash = "sha256:d41d4da5f2871b1782c6b74948d2d37aac3a5b39b43a6ba31d736b97a02ae1f1"},
]

[package.extras]
toml = ["tomli ; python_full_version <= \"3.11.0a6\""]

[[package]]
name = "dependency-groups"
version = "1.3.1"
description = "A tool for resolving PEP 735 Dependency Group data"
optional = false
python-versions = ">=3.8"
groups = ["dev"]
files = [
    {file = "dependency_groups-1.3.1-py3-none-any.whl", hash = "sha256:51aeaa0dfad72430fcfb7bcdbefbd75f3792e5919563077f30bc0d73f4493030"},
    {file = "dependency_groups-1.3.1.tar.gz", hash = "sha256:78078301090517fd938c19f64a53ce98c32834dfe0dee6b88004a569a6adfefd"},
]

[package.dependencies]
packaging = "*"

[package.extras]
cli = ["tomli ; python_version < \"3.11\""]

[[package]]
name = "distlib"
version = "0.3.9"
description = "Distribution utilities"
optional = false
python-versions = "*"
groups = ["dev"]
files = [
    {file = "distlib-0.3.9-py2.py3-none-any.whl", hash = "sha256:47f8c22fd27c27e25a65601af709b38e4f0a45ea4fc2e710f65755fa8caaaf87"},
    {file = "distlib-0.3.9.tar.gz", hash = "sha256:a60f20dea646b8a33f3e7772f74dc0b2d0772d2837ee1342a00645c81edf9403"},
]

[[package]]
name = "elastic-transport"
version = "8.15.1"
description = "Transport classes and utilities shared among Python Elastic client libraries"
optional = false
python-versions = ">=3.8"
groups = ["main"]
files = [
    {file = "elastic_transport-8.15.1-py3-none-any.whl", hash = "sha256:b5e82ff1679d8c7705a03fd85c7f6ef85d6689721762d41228dd312e34f331fc"},
    {file = "elastic_transport-8.15.1.tar.gz", hash = "sha256:9cac4ab5cf9402668cf305ae0b7d93ddc0c7b61461d6d1027850db6da9cc5742"},
]

[package.dependencies]
certifi = "*"
urllib3 = ">=1.26.2,<3"

[package.extras]
develop = ["aiohttp", "furo", "httpcore (<1.0.6)", "httpx", "opentelemetry-api", "opentelemetry-sdk", "orjson", "pytest", "pytest-asyncio", "pytest-cov", "pytest-httpserver", "pytest-mock", "requests", "respx", "sphinx (>2)", "sphinx-autodoc-typehints", "trustme"]

[[package]]
name = "elasticsearch"
version = "8.18.1"
description = "Python client for Elasticsearch"
optional = false
python-versions = ">=3.8"
groups = ["main"]
files = [
    {file = "elasticsearch-8.18.1-py3-none-any.whl", hash = "sha256:1a8c8b5ec3ce5be88f96d2f898375671648e96272978bce0dee3137d9326aabb"},
    {file = "elasticsearch-8.18.1.tar.gz", hash = "sha256:998035f17a8c1fba7ae26b183dca797dcf95db86da6a7ecba56d31afc40f07c7"},
]

[package.dependencies]
elastic-transport = ">=8.15.1,<9"
python-dateutil = "*"
typing-extensions = "*"

[package.extras]
async = ["aiohttp (>=3,<4)"]
dev = ["aiohttp", "black", "build", "coverage", "isort", "jinja2", "mapbox-vector-tile", "mypy", "nltk", "nox", "numpy", "orjson", "pandas", "pyarrow", "pyright", "pytest", "pytest-asyncio", "pytest-cov", "pytest-mock", "python-dateutil", "pyyaml (>=5.4)", "requests (>=2,<3)", "sentence-transformers", "simsimd", "tqdm", "twine", "types-python-dateutil", "types-tqdm", "unasync"]
docs = ["sphinx", "sphinx-autodoc-typehints", "sphinx-rtd-theme (>=2.0)"]
orjson = ["orjson (>=3)"]
pyarrow = ["pyarrow (>=1)"]
requests = ["requests (>=2.4.0,!=2.32.2,<3.0.0)"]
vectorstore-mmr = ["numpy (>=1)", "simsimd (>=3)"]

[[package]]
name = "filelock"
version = "3.18.0"
description = "A platform independent file lock."
optional = false
python-versions = ">=3.9"
groups = ["dev"]
files = [
    {file = "filelock-3.18.0-py3-none-any.whl", hash = "sha256:c401f4f8377c4464e6db25fff06205fd89bdd83b65eb0488ed1b160f780e21de"},
    {file = "filelock-3.18.0.tar.gz", hash = "sha256:adbc88eabb99d2fec8c9c1b229b171f18afa655400173ddc653d5d01501fb9f2"},
]

[package.extras]
docs = ["furo (>=2024.8.6)", "sphinx (>=8.1.3)", "sphinx-autodoc-typehints (>=3)"]
testing = ["covdefaults (>=2.3)", "coverage (>=7.6.10)", "diff-cover (>=9.2.1)", "pytest (>=8.3.4)", "pytest-asyncio (>=0.25.2)", "pytest-cov (>=6)", "pytest-mock (>=3.14)", "pytest-timeout (>=2.3.1)", "virtualenv (>=20.28.1)"]
typing = ["typing-extensions (>=4.12.2) ; python_version < \"3.11\""]

[[package]]
name = "iniconfig"
version = "2.1.0"
description = "brain-dead simple config-ini parsing"
optional = false
python-versions = ">=3.8"
groups = ["dev"]
files = [
    {file = "iniconfig-2.1.0-py3-none-any.whl", hash = "sha256:9deba5723312380e77435581c6bf4935c94cbfab9b1ed33ef8d238ea168eb760"},
    {file = "iniconfig-2.1.0.tar.gz", hash = "sha256:3abbd2e30b36733fee78f9c7f7308f2d0050e88f0087fd25c2645f63c773e1c7"},
]

[[package]]
name = "isort"
version = "6.0.1"
description = "A Python utility / library to sort Python imports."
optional = false
python-versions = ">=3.9.0"
groups = ["dev"]
files = [
    {file = "isort-6.0.1-py3-none-any.whl", hash = "sha256:2dc5d7f65c9678d94c88dfc29161a320eec67328bc97aad576874cb4be1e9615"},
    {file = "isort-6.0.1.tar.gz", hash = "sha256:1cb5df28dfbc742e490c5e41bad6da41b805b0a8be7bc93cd0fb2a8a890ac450"},
]

[package.extras]
colors = ["colorama"]
plugins = ["setuptools"]

[[package]]
name = "loguru"
version = "0.7.3"
description = "Python logging made (stupidly) simple"
optional = false
python-versions = "<4.0,>=3.5"
groups = ["main"]
files = [
    {file = "loguru-0.7.3-py3-none-any.whl", hash = "sha256:31a33c10c8e1e10422bfd431aeb5d351c7cf7fa671e3c4df004162264b28220c"},
    {file = "loguru-0.7.3.tar.gz", hash = "sha256:19480589e77d47b8d85b2c827ad95d49bf31b0dcde16593892eb51dd18706eb6"},
]

[package.dependencies]
colorama = {version = ">=0.3.4", markers = "sys_platform == \"win32\""}
win32-setctime = {version = ">=1.0.0", markers = "sys_platform == \"win32\""}

[package.extras]
dev = ["Sphinx (==8.1.3) ; python_version >= \"3.11\"", "build (==1.2.2) ; python_version >= \"3.11\"", "colorama (==0.4.5) ; python_version < \"3.8\"", "colorama (==0.4.6) ; python_version >= \"3.8\"", "exceptiongroup (==1.1.3) ; python_version >= \"3.7\" and python_version < \"3.11\"", "freezegun (==1.1.0) ; python_version < \"3.8\"", "freezegun (==1.5.0) ; python_version >= \"3.8\"", "mypy (==v0.910) ; python_version < \"3.6\"", "mypy (==v0.971) ; python_version == \"3.6\"", "mypy (==v1.13.0) ; python_version >= \"3.8\"", "mypy (==v1.4.1) ; python_version == \"3.7\"", "myst-parser (==4.0.0) ; python_version >= \"3.11\"", "pre-commit (==4.0.1) ; python_version >= \"3.9\"", "pytest (==6.1.2) ; python_version < \"3.8\"", "pytest (==8.3.2) ; python_version >= \"3.8\"", "pytest-cov (==2.12.1) ; python_version < \"3.8\"", "pytest-cov (==5.0.0) ; python_version == \"3.8\"", "pytest-cov (==6.0.0) ; python_version >= \"3.9\"", "pytest-mypy-plugins (==1.9.3) ; python_version >= \"3.6\" and python_version < \"3.8\"", "pytest-mypy-plugins (==3.1.0) ; python_version >= \"3.8\"", "sphinx-rtd-theme (==3.0.2) ; python_version >= \"3.11\"", "tox (==3.27.1) ; python_version < \"3.8\"", "tox (==4.23.2) ; python_version >= \"3.8\"", "twine (==6.0.1) ; python_version >= \"3.11\""]

[[package]]
name = "mypy-extensions"
version = "1.1.0"
description = "Type system extensions for programs checked with the mypy type checker."
optional = false
python-versions = ">=3.8"
groups = ["dev"]
files = [
    {file = "mypy_extensions-1.1.0-py3-none-any.whl", hash = "sha256:1be4cccdb0f2482337c4743e60421de3a356cd97508abadd57d47403e94f5505"},
    {file = "mypy_extensions-1.1.0.tar.gz", hash = "sha256:52e68efc3284861e772bbcd66823fde5ae21fd2fdb51c62a211403730b916558"},
]

[[package]]
name = "nox"
version = "2025.5.1"
description = "Flexible test automation."
optional = false
python-versions = ">=3.8"
groups = ["dev"]
files = [
    {file = "nox-2025.5.1-py3-none-any.whl", hash = "sha256:56abd55cf37ff523c254fcec4d152ed51e5fe80e2ab8317221d8b828ac970a31"},
    {file = "nox-2025.5.1.tar.gz", hash = "sha256:2a571dfa7a58acc726521ac3cd8184455ebcdcbf26401c7b737b5bc6701427b2"},
]

[package.dependencies]
argcomplete = ">=1.9.4,<4"
attrs = ">=23.1"
colorlog = ">=2.6.1,<7"
dependency-groups = ">=1.1"
packaging = ">=20.9"
virtualenv = ">=20.14.1"

[package.extras]
tox-to-nox = ["importlib-resources ; python_version < \"3.9\"", "jinja2", "tox (>=4)"]
uv = ["uv (>=0.1.6)"]

[[package]]
name = "packaging"
version = "25.0"
description = "Core utilities for Python packages"
optional = false
python-versions = ">=3.8"
groups = ["dev"]
files = [
    {file = "packaging-25.0-py3-none-any.whl", hash = "sha256:29572ef2b1f17581046b3a2227d5c611fb25ec70ca1ba8554b24b0e69331a484"},
    {file = "packaging-25.0.tar.gz", hash = "sha256:d443872c98d677bf60f6a1f2f8c1cb748e8fe762d2bf9d3148b5599295b0fc4f"},
]

[[package]]
name = "pathspec"
version = "0.12.1"
description = "Utility library for gitignore style pattern matching of file paths."
optional = false
python-versions = ">=3.8"
groups = ["dev"]
files = [
    {file = "pathspec-0.12.1-py3-none-any.whl", hash = "sha256:a0d503e138a4c123b27490a4f7beda6a01c6f288df0e4a8b79c7eb0dc7b4cc08"},
    {file = "pathspec-0.12.1.tar.gz", hash = "sha256:a482d51503a1ab33b1c67a6c3813a26953dbdc71c31dacaef9a838c4e29f5712"},
]

[[package]]
name = "platformdirs"
version = "4.3.7"
description = "A small Python package for determining appropriate platform-specific dirs, e.g. a `user data dir`."
optional = false
python-versions = ">=3.9"
groups = ["dev"]
files = [
    {file = "platformdirs-4.3.7-py3-none-any.whl", hash = "sha256:a03875334331946f13c549dbd8f4bac7a13a50a895a0eb1e8c6a8ace80d40a94"},
    {file = "platformdirs-4.3.7.tar.gz", hash = "sha256:eb437d586b6a0986388f0d6f74aa0cde27b48d0e3d66843640bfb6bdcdb6e351"},
]

[package.extras]
docs = ["furo (>=2024.8.6)", "proselint (>=0.14)", "sphinx (>=8.1.3)", "sphinx-autodoc-typehints (>=3)"]
test = ["appdirs (==1.4.4)", "covdefaults (>=2.3)", "pytest (>=8.3.4)", "pytest-cov (>=6)", "pytest-mock (>=3.14)"]
type = ["mypy (>=1.14.1)"]

[[package]]
name = "pluggy"
version = "1.5.0"
description = "plugin and hook calling mechanisms for python"
optional = false
python-versions = ">=3.8"
groups = ["dev"]
files = [
    {file = "pluggy-1.5.0-py3-none-any.whl", hash = "sha256:44e1ad92c8ca002de6377e165f3e0f1be63266ab4d554740532335b9d75ea669"},
    {file = "pluggy-1.5.0.tar.gz", hash = "sha256:2cffa88e94fdc978c4c574f15f9e59b7f4201d439195c3715ca9e2486f1d0cf1"},
]

[package.extras]
dev = ["pre-commit", "tox"]
testing = ["pytest", "pytest-benchmark"]

[[package]]
name = "pytest"
version = "8.3.5"
description = "pytest: simple powerful testing with Python"
optional = false
python-versions = ">=3.8"
groups = ["dev"]
files = [
    {file = "pytest-8.3.5-py3-none-any.whl", hash = "sha256:c69214aa47deac29fad6c2a4f590b9c4a9fdb16a403176fe154b79c0b4d4d820"},
    {file = "pytest-8.3.5.tar.gz", hash = "sha256:f4efe70cc14e511565ac476b57c279e12a855b11f48f212af1080ef2263d3845"},
]

[package.dependencies]
colorama = {version = "*", markers = "sys_platform == \"win32\""}
iniconfig = "*"
packaging = "*"
pluggy = ">=1.5,<2"

[package.extras]
dev = ["argcomplete", "attrs (>=19.2)", "hypothesis (>=3.56)", "mock", "pygments (>=2.7.2)", "requests", "setuptools", "xmlschema"]

[[package]]
name = "pytest-cov"
version = "6.1.1"
description = "Pytest plugin for measuring coverage."
optional = false
python-versions = ">=3.9"
groups = ["dev"]
files = [
    {file = "pytest_cov-6.1.1-py3-none-any.whl", hash = "sha256:bddf29ed2d0ab6f4df17b4c55b0a657287db8684af9c42ea546b21b1041b3dde"},
    {file = "pytest_cov-6.1.1.tar.gz", hash = "sha256:46935f7aaefba760e716c2ebfbe1c216240b9592966e7da99ea8292d4d3e2a0a"},
]

[package.dependencies]
coverage = {version = ">=7.5", extras = ["toml"]}
pytest = ">=4.6"

[package.extras]
testing = ["fields", "hunter", "process-tests", "pytest-xdist", "virtualenv"]

[[package]]
name = "python-dateutil"
version = "2.9.0.post0"
description = "Extensions to the standard Python datetime module"
optional = false
python-versions = "!=3.0.*,!=3.1.*,!=3.2.*,>=2.7"
groups = ["main"]
files = [
    {file = "python-dateutil-2.9.0.post0.tar.gz", hash = "sha256:37dd54208da7e1cd875388217d5e00ebd4179249f90fb72437e91a35459a0ad3"},
    {file = "python_dateutil-2.9.0.post0-py2.py3-none-any.whl", hash = "sha256:a8b2bc7bffae282281c8140a97d3aa9c14da0b136dfe83f850eea9a5f7470427"},
]

[package.dependencies]
six = ">=1.5"

[[package]]
name = "six"
version = "1.17.0"
description = "Python 2 and 3 compatibility utilities"
optional = false
python-versions = "!=3.0.*,!=3.1.*,!=3.2.*,>=2.7"
groups = ["main"]
files = [
    {file = "six-1.17.0-py2.py3-none-any.whl", hash = "sha256:4721f391ed90541fddacab5acf947aa0d3dc7d27b2e1e8eda2be8970586c3274"},
    {file = "six-1.17.0.tar.gz", hash = "sha256:ff70335d468e7eb6ec65b95b99d3a2836546063f63acc5171de367e834932a81"},
]

[[package]]
name = "tqdm"
version = "4.67.1"
description = "Fast, Extensible Progress Meter"
optional = false
python-versions = ">=3.7"
groups = ["main"]
files = [
    {file = "tqdm-4.67.1-py3-none-any.whl", hash = "sha256:26445eca388f82e72884e0d580d5464cd801a3ea01e63e5601bdff9ba6a48de2"},
    {file = "tqdm-4.67.1.tar.gz", hash = "sha256:f8aef9c52c08c13a65f30ea34f4e5aac3fd1a34959879d7e59e63027286627f2"},
]

[package.dependencies]
colorama = {version = "*", markers = "platform_system == \"Windows\""}

[package.extras]
dev = ["nbval", "pytest (>=6)", "pytest-asyncio (>=0.24)", "pytest-cov", "pytest-timeout"]
discord = ["requests"]
notebook = ["ipywidgets (>=6)"]
slack = ["slack-sdk"]
telegram = ["requests"]

[[package]]
name = "typing-extensions"
version = "4.13.2"
description = "Backported and Experimental Type Hints for Python 3.8+"
optional = false
python-versions = ">=3.8"
groups = ["main"]
files = [
    {file = "typing_extensions-4.13.2-py3-none-any.whl", hash = "sha256:a439e7c04b49fec3e5d3e2beaa21755cadbbdc391694e28ccdd36ca4a1408f8c"},
    {file = "typing_extensions-4.13.2.tar.gz", hash = "sha256:e6c81219bd689f51865d9e372991c540bda33a0379d5573cddb9a3a23f7caaef"},
]

[[package]]
name = "urllib3"
version = "2.2.3"
description = "HTTP library with thread-safe connection pooling, file post, and more."
optional = false
python-versions = ">=3.8"
groups = ["main"]
files = [
    {file = "urllib3-2.2.3-py3-none-any.whl", hash = "sha256:ca899ca043dcb1bafa3e262d73aa25c465bfb49e0bd9dd5d59f1d0acba2f8fac"},
    {file = "urllib3-2.2.3.tar.gz", hash = "sha256:e7d814a81dad81e6caf2ec9fdedb284ecc9c73076b62654547cc64ccdcae26e9"},
]

[package.extras]
brotli = ["brotli (>=1.0.9) ; platform_python_implementation == \"CPython\"", "brotlicffi (>=0.8.0) ; platform_python_implementation != \"CPython\""]
h2 = ["h2 (>=4,<5)"]
socks = ["pysocks (>=1.5.6,!=1.5.7,<2.0)"]
zstd = ["zstandard (>=0.18.0)"]

[[package]]
name = "virtualenv"
version = "20.30.0"
description = "Virtual Python Environment builder"
optional = false
python-versions = ">=3.8"
groups = ["dev"]
files = [
    {file = "virtualenv-20.30.0-py3-none-any.whl", hash = "sha256:e34302959180fca3af42d1800df014b35019490b119eba981af27f2fa486e5d6"},
    {file = "virtualenv-20.30.0.tar.gz", hash = "sha256:800863162bcaa5450a6e4d721049730e7f2dae07720e0902b0e4040bd6f9ada8"},
]

[package.dependencies]
distlib = ">=0.3.7,<1"
filelock = ">=3.12.2,<4"
platformdirs = ">=3.9.1,<5"

[package.extras]
docs = ["furo (>=2023.7.26)", "proselint (>=0.13)", "sphinx (>=7.1.2,!=7.3)", "sphinx-argparse (>=0.4)", "sphinxcontrib-towncrier (>=0.2.1a0)", "towncrier (>=23.6)"]
test = ["covdefaults (>=2.3)", "coverage (>=7.2.7)", "coverage-enable-subprocess (>=1)", "flaky (>=3.7)", "packaging (>=23.1)", "pytest (>=7.4)", "pytest-env (>=0.8.2)", "pytest-freezer (>=0.4.8) ; platform_python_implementation == \"PyPy\" or platform_python_implementation == \"GraalVM\" or platform_python_implementation == \"CPython\" and sys_platform == \"win32\" and python_version >= \"3.13\"", "pytest-mock (>=3.11.1)", "pytest-randomly (>=3.12)", "pytest-timeout (>=2.1)", "setuptools (>=68)", "time-machine (>=2.10) ; platform_python_implementation == \"CPython\""]

[[package]]
name = "win32-setctime"
version = "1.1.0"
description = "A small Python utility to set file creation time on Windows"
optional = false
python-versions = ">=3.5"
groups = ["main"]
markers = "sys_platform == \"win32\""
files = [
    {file = "win32_setctime-1.1.0-py3-none-any.whl", hash = "sha256:231db239e959c2fe7eb1d7dc129f11172354f98361c4fa2d6d2d7e278baa8aad"},
    {file = "win32_setctime-1.1.0.tar.gz", hash = "sha256:15cf5750465118d6929ae4de4eb46e8edae9a5634350c01ba582df868e932cb2"},
]

[package.extras]
dev = ["black (>=19.3b0) ; python_version >= \"3.6\"", "pytest (>=4.6.2)"]

[metadata]
lock-version = "2.1"
python-versions = "^3.12"
content-hash = "1903cc664601fb91f2d5c4ae91ca0ecc6598385055b618df135f28745284c962"
